
Microsoft Visual Studio Solution File, Format Version 12.00
# Visual Studio 15
VisualStudioVersion = 15.0.27004.2005
MinimumVisualStudioVersion = 10.0.40219.1
Project("{FAE04EC0-301F-11D3-BF4B-00C04F79EFBC}") = "Bogosoft.Collections.Async", "Bogosoft.Collections.Async\Bogosoft.Collections.Async.csproj", "{988C7AC7-0870-4784-BBBA-1673B5562287}"
EndProject
Project("{FAE04EC0-301F-11D3-BF4B-00C04F79EFBC}") = "Bogosoft.Collections.Async.Tests", "Bogosoft.Collections.Async.Tests\Bogosoft.Collections.Async.Tests.csproj", "{8D067E0D-576B-4C72-82F2-D69C76A798E8}"
EndProject
Global
	GlobalSection(SolutionConfigurationPlatforms) = preSolution
		Debug|Any CPU = Debug|Any CPU
		Release|Any CPU = Release|Any CPU
	EndGlobalSection
	GlobalSection(ProjectConfigurationPlatforms) = postSolution
		{988C7AC7-0870-4784-BBBA-1673B5562287}.Debug|Any CPU.ActiveCfg = Debug|Any CPU
		{988C7AC7-0870-4784-BBBA-1673B5562287}.Debug|Any CPU.Build.0 = Debug|Any CPU
		{988C7AC7-0870-4784-BBBA-1673B5562287}.Release|Any CPU.ActiveCfg = Release|Any CPU
		{988C7AC7-0870-4784-BBBA-1673B5562287}.Release|Any CPU.Build.0 = Release|Any CPU
		{8D067E0D-576B-4C72-82F2-D69C76A798E8}.Debug|Any CPU.ActiveCfg = Debug|Any CPU
		{8D067E0D-576B-4C72-82F2-D69C76A798E8}.Debug|Any CPU.Build.0 = Debug|Any CPU
		{8D067E0D-576B-4C72-82F2-D69C76A798E8}.Release|Any CPU.ActiveCfg = Release|Any CPU
		{8D067E0D-576B-4C72-82F2-D69C76A798E8}.Release|Any CPU.Build.0 = Release|Any CPU
	EndGlobalSection
	GlobalSection(SolutionProperties) = preSolution
		HideSolutionNode = FALSE
	EndGlobalSection
	GlobalSection(ExtensibilityGlobals) = postSolution
		SolutionGuid = {F5372B78-2E56-4CCC-B54F-313637933A2D}
	EndGlobalSection
EndGlobal
